{
  "requires": true,
  "lockfileVersion": 1,
  "dependencies": {
    "@angular/material-moment-adapter": {
      "version": "8.1.3",
      "resolved": "https://registry.npmjs.org/@angular/material-moment-adapter/-/material-moment-adapter-8.1.3.tgz",
      "integrity": "sha512-sjszvpyAfmEHnoC4YCTU/50Kk9ZVaVcRP4cMBiB3jJfa36HVLtI43ObE81pA9FcRLeJCjgPLtyeJxEvfpgrHtQ==",
      "requires": {
        "tslib": "^1.7.1"
      }
    },
    "tslib": {
      "version": "1.10.0",
      "resolved": "https://registry.npmjs.org/tslib/-/tslib-1.10.0.tgz",
      "integrity": "sha512-qOebF53frne81cf0S9B41ByenJ3/IuH8yJKngAX35CmiZySA0khhkovshKK+jGCaMnVomla7gVlIcc3EvKPbTQ=="
    }
  }
}
